{
  "version": 4,
  "terraform_version": "1.3.3",
  "serial": 5,
  "lineage": "18bd4d8c-8158-64fd-121d-b0d131bb8c3b",
  "outputs": {
    "kubernetes_cluster_host": {
      "value": "34.136.95.123",
      "type": "string"
    },
    "kubernetes_cluster_name": {
      "value": "mihalache-terraform-gke",
      "type": "string"
    },
    "project_id": {
      "value": "mihalache-terraform",
      "type": "string"
    },
    "region": {
      "value": "us-central1",
      "type": "string"
    }
  },
  "resources": [
    {
      "mode": "managed",
      "type": "google_compute_network",
      "name": "vpc",
      "provider": "provider[\"registry.terraform.io/hashicorp/google\"]",
      "instances": [
        {
          "schema_version": 0,
          "attributes": {
            "auto_create_subnetworks": false,
            "delete_default_routes_on_create": false,
            "description": "",
            "enable_ula_internal_ipv6": false,
            "gateway_ipv4": "",
            "id": "projects/mihalache-terraform/global/networks/mihalache-terraform-vpc",
            "internal_ipv6_range": "",
            "mtu": 0,
            "name": "mihalache-terraform-vpc",
            "project": "mihalache-terraform",
            "routing_mode": "REGIONAL",
            "self_link": "https://www.googleapis.com/compute/v1/projects/mihalache-terraform/global/networks/mihalache-terraform-vpc",
            "timeouts": null
          },
          "sensitive_attributes": [],
          "private": "eyJlMmJmYjczMC1lY2FhLTExZTYtOGY4OC0zNDM2M2JjN2M0YzAiOnsiY3JlYXRlIjoxMjAwMDAwMDAwMDAwLCJkZWxldGUiOjEyMDAwMDAwMDAwMDAsInVwZGF0ZSI6MTIwMDAwMDAwMDAwMH19"
        }
      ]
    },
    {
      "mode": "managed",
      "type": "google_compute_subnetwork",
      "name": "subnet",
      "provider": "provider[\"registry.terraform.io/hashicorp/google\"]",
      "instances": [
        {
          "schema_version": 0,
          "attributes": {
            "creation_timestamp": "2022-10-30T10:40:51.888-07:00",
            "description": "",
            "external_ipv6_prefix": "",
            "fingerprint": null,
            "gateway_address": "10.10.0.1",
            "id": "projects/mihalache-terraform/regions/us-central1/subnetworks/mihalache-terraform-subnet",
            "ip_cidr_range": "10.10.0.0/24",
            "ipv6_access_type": "",
            "ipv6_cidr_range": "",
            "log_config": [],
            "name": "mihalache-terraform-subnet",
            "network": "https://www.googleapis.com/compute/v1/projects/mihalache-terraform/global/networks/mihalache-terraform-vpc",
            "private_ip_google_access": false,
            "private_ipv6_google_access": "DISABLE_GOOGLE_ACCESS",
            "project": "mihalache-terraform",
            "purpose": "PRIVATE",
            "region": "us-central1",
            "role": "",
            "secondary_ip_range": [],
            "self_link": "https://www.googleapis.com/compute/v1/projects/mihalache-terraform/regions/us-central1/subnetworks/mihalache-terraform-subnet",
            "stack_type": "IPV4_ONLY",
            "timeouts": null
          },
          "sensitive_attributes": [],
          "private": "eyJlMmJmYjczMC1lY2FhLTExZTYtOGY4OC0zNDM2M2JjN2M0YzAiOnsiY3JlYXRlIjoxMjAwMDAwMDAwMDAwLCJkZWxldGUiOjEyMDAwMDAwMDAwMDAsInVwZGF0ZSI6MTIwMDAwMDAwMDAwMH19",
          "dependencies": [
            "google_compute_network.vpc"
          ]
        }
      ]
    },
    {
      "mode": "managed",
      "type": "google_container_cluster",
      "name": "primary",
      "provider": "provider[\"registry.terraform.io/hashicorp/google\"]",
      "instances": [
        {
          "schema_version": 1,
          "attributes": {
            "addons_config": [
              {
                "cloudrun_config": [],
                "gcp_filestore_csi_driver_config": [],
                "horizontal_pod_autoscaling": [],
                "http_load_balancing": [],
                "network_policy_config": [
                  {
                    "disabled": true
                  }
                ]
              }
            ],
            "authenticator_groups_config": [],
            "cluster_autoscaling": [
              {
                "auto_provisioning_defaults": [],
                "enabled": false,
                "resource_limits": []
              }
            ],
            "cluster_ipv4_cidr": "10.204.0.0/14",
            "confidential_nodes": [],
            "database_encryption": [
              {
                "key_name": "",
                "state": "DECRYPTED"
              }
            ],
            "datapath_provider": "",
            "default_max_pods_per_node": null,
            "default_snat_status": [
              {
                "disabled": false
              }
            ],
            "description": "",
            "dns_config": [],
            "enable_autopilot": false,
            "enable_binary_authorization": false,
            "enable_intranode_visibility": false,
            "enable_kubernetes_alpha": false,
            "enable_legacy_abac": false,
            "enable_shielded_nodes": true,
            "enable_tpu": false,
            "endpoint": "34.136.95.123",
            "id": "projects/mihalache-terraform/locations/us-central1/clusters/mihalache-terraform-gke",
            "initial_node_count": 1,
            "ip_allocation_policy": [],
            "label_fingerprint": "a9dc16a7",
            "location": "us-central1",
            "logging_config": [
              {
                "enable_components": [
                  "SYSTEM_COMPONENTS",
                  "WORKLOADS"
                ]
              }
            ],
            "logging_service": "logging.googleapis.com/kubernetes",
            "maintenance_policy": [],
            "master_auth": [
              {
                "client_certificate": "",
                "client_certificate_config": [
                  {
                    "issue_client_certificate": false
                  }
                ],
                "client_key": "",
                "cluster_ca_certificate": "LS0tLS1CRUdJTiBDRVJUSUZJQ0FURS0tLS0tCk1JSUVMRENDQXBTZ0F3SUJBZ0lRVlhqYTEra0x0SXJzYnUzQ0ZaVkpOakFOQmdrcWhraUc5dzBCQVFzRkFEQXYKTVMwd0t3WURWUVFERXlReE5EQmtOelV3WkMxaE9XWmhMVFE0WXpVdFlXWTVZUzB3TVRnNU5USTBPVGhpT1RRdwpJQmNOTWpJeE1ETXdNVFkwTVRBeVdoZ1BNakExTWpFd01qSXhOelF4TURKYU1DOHhMVEFyQmdOVkJBTVRKREUwCk1HUTNOVEJrTFdFNVptRXRORGhqTlMxaFpqbGhMVEF4T0RrMU1qUTVPR0k1TkRDQ0FhSXdEUVlKS29aSWh2Y04KQVFFQkJRQURnZ0dQQURDQ0FZb0NnZ0dCQU9DcnhFK3lBRUZQRGhtdmhVQWc2QXZvUlFpclo3Mm9tUFg4ZTFrZwpPZ0c1dEVYd0hRSkM0MTFjaXpXR2xsNXBVREZuM1ZoTHRkNDV2bm1HYmhvV1czVHYvSzlOR3h5N0hmRExJSnJ4CmVZcXJZYnYvdnhqK2s1NVl4Ym5JOUkyMzNwc1Q5dUkvWmlHTWFxdkgzWE9zU1R4QWZvdnE0R3FwS2VPNHZzT0wKUmNTblIzcGErdU1vcW1pYlovbmhSb1BhK0lWZUhsb2t1d1QweEQrZVNpbmk0ektyQnE4WHUrS0EwdFdJLy9NTApITEJVNmk2emhSeGVnWGZhWDBHRlNvak1lYjJMMHEwbndmTTM5NnEwdHZUZlloeDAyMGNBRXhHbmxoYVZmQjF4CldXU2RWWUtmNTFYRE90U2tNQ0c1U3NMbHEyUFBrU1BlaTRXMDA1UXpiYmE5aDNpdGViMHk0c1UvY2hIY0xycjQKYlNibSs2eDhlcE1ucUxHdmtnQjJLTjdycWtGV2l3c281eEJwZ1U3WTdPZzBtRGIwRUxxRjZSanQvaGNmTkJ2ZQp3WmJ2VnQ1ZmVFOUxPbDVKQ3BuakladTBjQTRuZG15eXBnVGRvNktoR09xOU9qdzIyeldnNGRWRFFuMG1Nc2VBCkhpVHV6VjN1RUUwWVg4UGFaRHdyUm1uSFpRSURBUUFCbzBJd1FEQU9CZ05WSFE4QkFmOEVCQU1DQWdRd0R3WUQKVlIwVEFRSC9CQVV3QXdFQi96QWRCZ05WSFE0RUZnUVVVZ1NFY2tMVFBHSk90d3lkRm1yS3o3djZOOFl3RFFZSgpLb1pJaHZjTkFRRUxCUUFEZ2dHQkFCbDJCWlV4aEQ4OGswVUNBbFFnT2dGTjdYaTY0VytSbDhmYTV1WmM4cnJ1CmlndVBJamFYY0k2WjFoL1RvanRRQzdPeHRZbEdNUVJkd0xaem9rK2lWcjdQTElONGhKcXA3WnI5ZUhVSEllM0EKWGcwTE1hMkp2R0RPZG5kZ2MxYUV1UVZ3ek5UQlV6S0ZmZmRNcWV5NUEzUjZlT1FkNjB1bEdDQU1FdEdWSzRkeQplZE9lZmsySWVOc3FXY2llQjRscHpCaFBxTlk4ZHRibkRrbUFMQldTeE5yUWxjeEdON0V6Mk1VaTRTL3UxTmtzCjYxRjJHV3RISytTVlNySDdKK3E1bmlKcUlZVnFacWtOUjVlMkgvMCtxd1FQNGxUV0RHMUQ4WUVqak55aHRRbGMKaTFWODAvS2dCbzNWWCsvWTZzbEcweDRXUmtKeUNsVXYwZm9nNVgraDgyTjJFMzhkK0QvQ0JDUXN2Q2hDN2ZiZQptV00vVTN2VUFaOUpYcTF3UkRRdVpVZFhpWEZJVlM4eDVxMDEvK1pFbERjdTZUOHdGejlJd093cUw4STdUY0NuCllCeEgxc3pMVTRrTFdRamlpUisrc0hzNlVjS0FQeVl6U0ZZRmFWd20zSXlDQ2ZXdHlLUmJyY0dTN2RjS3NBcngKVFB3clZTazNFTUFhU3ZKaFd6bW5nZz09Ci0tLS0tRU5EIENFUlRJRklDQVRFLS0tLS0K"
              }
            ],
            "master_authorized_networks_config": [],
            "master_version": "1.22.12-gke.2300",
            "min_master_version": null,
            "monitoring_config": [
              {
                "enable_components": [
                  "SYSTEM_COMPONENTS"
                ]
              }
            ],
            "monitoring_service": "monitoring.googleapis.com/kubernetes",
            "name": "mihalache-terraform-gke",
            "network": "projects/mihalache-terraform/global/networks/mihalache-terraform-vpc",
            "network_policy": [
              {
                "enabled": false,
                "provider": "PROVIDER_UNSPECIFIED"
              }
            ],
            "networking_mode": "ROUTES",
            "node_config": [],
            "node_locations": [
              "us-central1-b",
              "us-central1-c",
              "us-central1-f"
            ],
            "node_pool": [],
            "node_version": "1.22.12-gke.2300",
            "operation": null,
            "private_cluster_config": [],
            "private_ipv6_google_access": "",
            "project": "mihalache-terraform",
            "release_channel": [
              {
                "channel": "REGULAR"
              }
            ],
            "remove_default_node_pool": true,
            "resource_labels": null,
            "resource_usage_export_config": [],
            "self_link": "https://container.googleapis.com/v1/projects/mihalache-terraform/locations/us-central1/clusters/mihalache-terraform-gke",
            "services_ipv4_cidr": "10.207.240.0/20",
            "subnetwork": "projects/mihalache-terraform/regions/us-central1/subnetworks/mihalache-terraform-subnet",
            "timeouts": null,
            "tpu_ipv4_cidr_block": "",
            "vertical_pod_autoscaling": [],
            "workload_identity_config": []
          },
          "sensitive_attributes": [],
          "private": "eyJlMmJmYjczMC1lY2FhLTExZTYtOGY4OC0zNDM2M2JjN2M0YzAiOnsiY3JlYXRlIjoyNDAwMDAwMDAwMDAwLCJkZWxldGUiOjI0MDAwMDAwMDAwMDAsInJlYWQiOjI0MDAwMDAwMDAwMDAsInVwZGF0ZSI6MzYwMDAwMDAwMDAwMH0sInNjaGVtYV92ZXJzaW9uIjoiMSJ9",
          "dependencies": [
            "google_compute_network.vpc",
            "google_compute_subnetwork.subnet"
          ]
        }
      ]
    },
    {
      "mode": "managed",
      "type": "google_container_node_pool",
      "name": "primary_nodes",
      "provider": "provider[\"registry.terraform.io/hashicorp/google\"]",
      "instances": [
        {
          "schema_version": 1,
          "attributes": {
            "autoscaling": [],
            "cluster": "mihalache-terraform-gke",
            "id": "projects/mihalache-terraform/locations/us-central1/clusters/mihalache-terraform-gke/nodePools/mihalache-terraform-gke",
            "initial_node_count": 2,
            "instance_group_urls": [
              "https://www.googleapis.com/compute/v1/projects/mihalache-terraform/zones/us-central1-b/instanceGroupManagers/gke-mihalache-terraf-mihalache-terraf-e97733c1-grp",
              "https://www.googleapis.com/compute/v1/projects/mihalache-terraform/zones/us-central1-f/instanceGroupManagers/gke-mihalache-terraf-mihalache-terraf-084548e6-grp",
              "https://www.googleapis.com/compute/v1/projects/mihalache-terraform/zones/us-central1-c/instanceGroupManagers/gke-mihalache-terraf-mihalache-terraf-f00bf8c2-grp"
            ],
            "location": "us-central1",
            "managed_instance_group_urls": [
              "https://www.googleapis.com/compute/v1/projects/mihalache-terraform/zones/us-central1-b/instanceGroups/gke-mihalache-terraf-mihalache-terraf-e97733c1-grp",
              "https://www.googleapis.com/compute/v1/projects/mihalache-terraform/zones/us-central1-f/instanceGroups/gke-mihalache-terraf-mihalache-terraf-084548e6-grp",
              "https://www.googleapis.com/compute/v1/projects/mihalache-terraform/zones/us-central1-c/instanceGroups/gke-mihalache-terraf-mihalache-terraf-f00bf8c2-grp"
            ],
            "management": [
              {
                "auto_repair": true,
                "auto_upgrade": true
              }
            ],
            "max_pods_per_node": null,
            "name": "mihalache-terraform-gke",
            "name_prefix": "",
            "node_config": [
              {
                "boot_disk_kms_key": "",
                "disk_size_gb": 100,
                "disk_type": "pd-standard",
                "gcfs_config": [],
                "guest_accelerator": [],
                "gvnic": [],
                "image_type": "COS_CONTAINERD",
                "labels": {
                  "env": "mihalache-terraform"
                },
                "local_ssd_count": 0,
                "machine_type": "n1-standard-1",
                "metadata": {
                  "disable-legacy-endpoints": "true"
                },
                "min_cpu_platform": "",
                "node_group": "",
                "oauth_scopes": [
                  "https://www.googleapis.com/auth/logging.write",
                  "https://www.googleapis.com/auth/monitoring"
                ],
                "preemptible": false,
                "service_account": "default",
                "shielded_instance_config": [
                  {
                    "enable_integrity_monitoring": true,
                    "enable_secure_boot": false
                  }
                ],
                "spot": false,
                "tags": [
                  "gke-node",
                  "mihalache-terraform-gke"
                ],
                "taint": [],
                "workload_metadata_config": []
              }
            ],
            "node_count": 2,
            "node_locations": [
              "us-central1-b",
              "us-central1-c",
              "us-central1-f"
            ],
            "operation": null,
            "project": "mihalache-terraform",
            "timeouts": null,
            "upgrade_settings": [
              {
                "max_surge": 1,
                "max_unavailable": 0
              }
            ],
            "version": "1.22.12-gke.2300"
          },
          "sensitive_attributes": [],
          "private": "eyJlMmJmYjczMC1lY2FhLTExZTYtOGY4OC0zNDM2M2JjN2M0YzAiOnsiY3JlYXRlIjoxODAwMDAwMDAwMDAwLCJkZWxldGUiOjE4MDAwMDAwMDAwMDAsInVwZGF0ZSI6MTgwMDAwMDAwMDAwMH0sInNjaGVtYV92ZXJzaW9uIjoiMSJ9",
          "dependencies": [
            "google_compute_network.vpc",
            "google_compute_subnetwork.subnet",
            "google_container_cluster.primary"
          ]
        }
      ]
    }
  ],
  "check_results": []
}
